// !$*UTF8*$!
{
	archiveVersion = 1;
	classes = {
	};
	objectVersion = 77;
	objects = {

/* Begin PBXBuildFile section */
		026B670C2FDA508F000A1D89 /* WidgetKit.framework in Frameworks */ = {isa = PBXBuildFile; fileRef = 026B670B2FDA508F000A1D89 /* WidgetKit.framework */; };
		026B670E2FDA508F000A1D89 /* SwiftUI.framework in Frameworks */ = {isa = PBXBuildFile; fileRef = 026B670D2FDA508F000A1D89 /* SwiftUI.framework */; };
		026B671B2FDA509A000A1D89 /* FoodBasketWidgetExtensionExtension.appex in Embed App Extensions */ = {isa = PBXBuildFile; fileRef = 026B67092FDA508F000A1D89 /* FoodBasketWidgetExtensionExtension.appex */; settings = {ATTRIBUTES = (RemoveHeadersOnCopy, ); }; };
		FB5A02012FD1000000000001 /* FoodBasketShareExtension.appex in Embed App Extensions */ = {isa = PBXBuildFile; fileRef = FB5A01012FD1000000000001 /* FoodBasketShareExtension.appex */; settings = {ATTRIBUTES = (RemoveHeadersOnCopy, ); }; };
		FB5A02022FD1000000000001 /* ShareViewController.swift in Sources */ = {isa = PBXBuildFile; fileRef = FB5A01022FD1000000000001 /* ShareViewController.swift */; };
		FB5A02032FD1000000000001 /* FoodBasket/Data/FoodBasketSharedContainer.swift in Sources */ = {isa = PBXBuildFile; fileRef = FB5A01052FD1000000000001 /* FoodBasket/Data/FoodBasketSharedContainer.swift */; };
		FB5A02042FD1000000000001 /* FoodBasket/Data/FoodBasketModelContainer.swift in Sources */ = {isa = PBXBuildFile; fileRef = FB5A01062FD1000000000001 /* FoodBasket/Data/FoodBasketModelContainer.swift */; };
		FB5A02052FD1000000000001 /* FoodBasket/Data/FoodBasketSchema.swift in Sources */ = {isa = PBXBuildFile; fileRef = FB5A01072FD1000000000001 /* FoodBasket/Data/FoodBasketSchema.swift */; };
		FB5A02062FD1000000000001 /* FoodBasket/Data/SeedData.swift in Sources */ = {isa = PBXBuildFile; fileRef = FB5A01082FD1000000000001 /* FoodBasket/Data/SeedData.swift */; };
		FB5A02072FD1000000000001 /* FoodBasket/Data/Models/Ingredient.swift in Sources */ = {isa = PBXBuildFile; fileRef = FB5A01092FD1000000000001 /* FoodBasket/Data/Models/Ingredient.swift */; };
		FB5A02082FD1000000000001 /* FoodBasket/Data/Models/Recipe.swift in Sources */ = {isa = PBXBuildFile; fileRef = FB5A010A2FD1000000000001 /* FoodBasket/Data/Models/Recipe.swift */; };
		FB5A02092FD1000000000001 /* FoodBasket/Data/Models/WeekPlan.swift in Sources */ = {isa = PBXBuildFile; fileRef = FB5A010B2FD1000000000001 /* FoodBasket/Data/Models/WeekPlan.swift */; };
		FB5A020A2FD1000000000001 /* FoodBasket/Shared/Extensions/String+NormalizedLookupValue.swift in Sources */ = {isa = PBXBuildFile; fileRef = FB5A010C2FD1000000000001 /* FoodBasket/Shared/Extensions/String+NormalizedLookupValue.swift */; };
		FB5A020B2FD1000000000001 /* FoodBasket/Shared/Extensions/UIImage+RecipePhotoData.swift in Sources */ = {isa = PBXBuildFile; fileRef = FB5A010D2FD1000000000001 /* FoodBasket/Shared/Extensions/UIImage+RecipePhotoData.swift */; };
		FB5A020C2FD1000000000001 /* FoodBasket/Features/Recipes/Importing/RecipeURLIngredientImporter.swift in Sources */ = {isa = PBXBuildFile; fileRef = FB5A010E2FD1000000000001 /* FoodBasket/Features/Recipes/Importing/RecipeURLIngredientImporter.swift */; };
		FB5A020D2FD1000000000001 /* FoodBasket/Features/Recipes/Importing/RecipeURLRecipeImporter.swift in Sources */ = {isa = PBXBuildFile; fileRef = FB5A010F2FD1000000000001 /* FoodBasket/Features/Recipes/Importing/RecipeURLRecipeImporter.swift */; };
/* End PBXBuildFile section */

/* Begin PBXContainerItemProxy section */
		026B67192FDA509A000A1D89 /* PBXContainerItemProxy */ = {
			isa = PBXContainerItemProxy;
			containerPortal = 023ABE322FCC2D4500522816 /* Project object */;
			proxyType = 1;
			remoteGlobalIDString = 026B67082FDA508F000A1D89;
			remoteInfo = FoodBasketWidgetExtensionExtension;
		};
		FB5A05012FD1000000000001 /* PBXContainerItemProxy */ = {
			isa = PBXContainerItemProxy;
			containerPortal = 023ABE322FCC2D4500522816 /* Project object */;
			proxyType = 1;
			remoteGlobalIDString = FB5A04012FD1000000000001;
			remoteInfo = FoodBasketShareExtension;
		};
/* End PBXContainerItemProxy section */

/* Begin PBXCopyFilesBuildPhase section */
		FB5A03042FD1000000000001 /* Embed App Extensions */ = {
			isa = PBXCopyFilesBuildPhase;
			buildActionMask = 2147483647;
			dstPath = "";
			dstSubfolderSpec = 13;
			files = (
				026B671B2FDA509A000A1D89 /* FoodBasketWidgetExtensionExtension.appex in Embed App Extensions */,
				FB5A02012FD1000000000001 /* FoodBasketShareExtension.appex in Embed App Extensions */,
			);
			name = "Embed App Extensions";
			runOnlyForDeploymentPostprocessing = 0;
		};
/* End PBXCopyFilesBuildPhase section */

/* Begin PBXFileReference section */
		023ABE3A2FCC2D4500522816 /* Food Basket.app */ = {isa = PBXFileReference; explicitFileType = wrapper.application; includeInIndex = 0; path = "Food Basket.app"; sourceTree = BUILT_PRODUCTS_DIR; };
		026B67092FDA508F000A1D89 /* FoodBasketWidgetExtensionExtension.appex */ = {isa = PBXFileReference; explicitFileType = "wrapper.app-extension"; includeInIndex = 0; path = FoodBasketWidgetExtensionExtension.appex; sourceTree = BUILT_PRODUCTS_DIR; };
		026B670B2FDA508F000A1D89 /* WidgetKit.framework */ = {isa = PBXFileReference; lastKnownFileType = wrapper.framework; name = WidgetKit.framework; path = System/Library/Frameworks/WidgetKit.framework; sourceTree = SDKROOT; };
		026B670D2FDA508F000A1D89 /* SwiftUI.framework */ = {isa = PBXFileReference; lastKnownFileType = wrapper.framework; name = SwiftUI.framework; path = System/Library/Frameworks/SwiftUI.framework; sourceTree = SDKROOT; };
		026B67202FDA5108000A1D89 /* FoodBasketWidgetExtensionExtension.entitlements */ = {isa = PBXFileReference; lastKnownFileType = text.plist.entitlements; path = FoodBasketWidgetExtensionExtension.entitlements; sourceTree = "<group>"; };
		FB5A01012FD1000000000001 /* FoodBasketShareExtension.appex */ = {isa = PBXFileReference; explicitFileType = "wrapper.app-extension"; includeInIndex = 0; path = FoodBasketShareExtension.appex; sourceTree = BUILT_PRODUCTS_DIR; };
		FB5A01022FD1000000000001 /* ShareViewController.swift */ = {isa = PBXFileReference; lastKnownFileType = sourcecode.swift; path = ShareViewController.swift; sourceTree = "<group>"; };
		FB5A01032FD1000000000001 /* Info.plist */ = {isa = PBXFileReference; lastKnownFileType = text.plist.xml; path = Info.plist; sourceTree = "<group>"; };
		FB5A01042FD1000000000001 /* FoodBasketShareExtension.entitlements */ = {isa = PBXFileReference; lastKnownFileType = text.plist.entitlements; path = FoodBasketShareExtension.entitlements; sourceTree = "<group>"; };
		FB5A01052FD1000000000001 /* FoodBasket/Data/FoodBasketSharedContainer.swift */ = {isa = PBXFileReference; lastKnownFileType = sourcecode.swift; path = FoodBasket/Data/FoodBasketSharedContainer.swift; sourceTree = "<group>"; };
		FB5A01062FD1000000000001 /* FoodBasket/Data/FoodBasketModelContainer.swift */ = {isa = PBXFileReference; lastKnownFileType = sourcecode.swift; path = FoodBasket/Data/FoodBasketModelContainer.swift; sourceTree = "<group>"; };
		FB5A01072FD1000000000001 /* FoodBasket/Data/FoodBasketSchema.swift */ = {isa = PBXFileReference; lastKnownFileType = sourcecode.swift; path = FoodBasket/Data/FoodBasketSchema.swift; sourceTree = "<group>"; };
		FB5A01082FD1000000000001 /* FoodBasket/Data/SeedData.swift */ = {isa = PBXFileReference; lastKnownFileType = sourcecode.swift; path = FoodBasket/Data/SeedData.swift; sourceTree = "<group>"; };
		FB5A01092FD1000000000001 /* FoodBasket/Data/Models/Ingredient.swift */ = {isa = PBXFileReference; lastKnownFileType = sourcecode.swift; path = FoodBasket/Data/Models/Ingredient.swift; sourceTree = "<group>"; };
		FB5A010A2FD1000000000001 /* FoodBasket/Data/Models/Recipe.swift */ = {isa = PBXFileReference; lastKnownFileType = sourcecode.swift; path = FoodBasket/Data/Models/Recipe.swift; sourceTree = "<group>"; };
		FB5A010B2FD1000000000001 /* FoodBasket/Data/Models/WeekPlan.swift */ = {isa = PBXFileReference; lastKnownFileType = sourcecode.swift; path = FoodBasket/Data/Models/WeekPlan.swift; sourceTree = "<group>"; };
		FB5A010C2FD1000000000001 /* FoodBasket/Shared/Extensions/String+NormalizedLookupValue.swift */ = {isa = PBXFileReference; lastKnownFileType = sourcecode.swift; path = "FoodBasket/Shared/Extensions/String+NormalizedLookupValue.swift"; sourceTree = "<group>"; };
		FB5A010D2FD1000000000001 /* FoodBasket/Shared/Extensions/UIImage+RecipePhotoData.swift */ = {isa = PBXFileReference; lastKnownFileType = sourcecode.swift; path = "FoodBasket/Shared/Extensions/UIImage+RecipePhotoData.swift"; sourceTree = "<group>"; };
		FB5A010E2FD1000000000001 /* FoodBasket/Features/Recipes/Importing/RecipeURLIngredientImporter.swift */ = {isa = PBXFileReference; lastKnownFileType = sourcecode.swift; path = FoodBasket/Features/Recipes/Importing/RecipeURLIngredientImporter.swift; sourceTree = "<group>"; };
		FB5A010F2FD1000000000001 /* FoodBasket/Features/Recipes/Importing/RecipeURLRecipeImporter.swift */ = {isa = PBXFileReference; lastKnownFileType = sourcecode.swift; path = FoodBasket/Features/Recipes/Importing/RecipeURLRecipeImporter.swift; sourceTree = "<group>"; };
		FB5A01102FD1000000000001 /* FoodBasket/Features/Ingredients/IngredientEnrichmentRunner.swift */ = {isa = PBXFileReference; lastKnownFileType = sourcecode.swift; path = FoodBasket/Features/Ingredients/IngredientEnrichmentRunner.swift; sourceTree = "<group>"; };
		FB5A01122FD1000000000001 /* FoodBasket/Features/Ingredients/IngredientCategorySuggestionService.swift */ = {isa = PBXFileReference; lastKnownFileType = sourcecode.swift; path = FoodBasket/Features/Ingredients/IngredientCategorySuggestionService.swift; sourceTree = "<group>"; };
/* End PBXFileReference section */

/* Begin PBXFileSystemSynchronizedBuildFileExceptionSet section */
		023ABE4A2FCC2D4700522816 /* Exceptions for "FoodBasket" folder in "Food Basket" target */ = {
			isa = PBXFileSystemSynchronizedBuildFileExceptionSet;
			membershipExceptions = (
				Info.plist,
			);
			target = 023ABE392FCC2D4500522816 /* Food Basket */;
		};
		026B671F2FDA509A000A1D89 /* Exceptions for "FoodBasketWidgetExtension" folder in "FoodBasketWidgetExtensionExtension" target */ = {
			isa = PBXFileSystemSynchronizedBuildFileExceptionSet;
			membershipExceptions = (
				Info.plist,
			);
			target = 026B67082FDA508F000A1D89 /* FoodBasketWidgetExtensionExtension */;
		};
/* End PBXFileSystemSynchronizedBuildFileExceptionSet section */

/* Begin PBXFileSystemSynchronizedRootGroup section */
		023ABE3C2FCC2D4500522816 /* FoodBasket */ = {
			isa = PBXFileSystemSynchronizedRootGroup;
			exceptions = (
				023ABE4A2FCC2D4700522816 /* Exceptions for "FoodBasket" folder in "Food Basket" target */,
			);
			path = FoodBasket;
			sourceTree = "<group>";
		};
		026B670F2FDA508F000A1D89 /* FoodBasketWidgetExtension */ = {
			isa = PBXFileSystemSynchronizedRootGroup;
			exceptions = (
				026B671F2FDA509A000A1D89 /* Exceptions for "FoodBasketWidgetExtension" folder in "FoodBasketWidgetExtensionExtension" target */,
			);
			path = FoodBasketWidgetExtension;
			sourceTree = "<group>";
		};
/* End PBXFileSystemSynchronizedRootGroup section */

/* Begin PBXFrameworksBuildPhase section */
		023ABE372FCC2D4500522816 /* Frameworks */ = {
			isa = PBXFrameworksBuildPhase;
			buildActionMask = 2147483647;
			files = (
			);
			runOnlyForDeploymentPostprocessing = 0;
		};
		026B67062FDA508F000A1D89 /* Frameworks */ = {
			isa = PBXFrameworksBuildPhase;
			buildActionMask = 2147483647;
			files = (
				026B670E2FDA508F000A1D89 /* SwiftUI.framework in Frameworks */,
				026B670C2FDA508F000A1D89 /* WidgetKit.framework in Frameworks */,
			);
			runOnlyForDeploymentPostprocessing = 0;
		};
		FB5A03022FD1000000000001 /* Frameworks */ = {
			isa = PBXFrameworksBuildPhase;
			buildActionMask = 2147483647;
			files = (
			);
			runOnlyForDeploymentPostprocessing = 0;
		};
/* End PBXFrameworksBuildPhase section */

/* Begin PBXGroup section */
		023ABE312FCC2D4500522816 = {
			isa = PBXGroup;
			children = (
				026B67202FDA5108000A1D89 /* FoodBasketWidgetExtensionExtension.entitlements */,
				023ABE3C2FCC2D4500522816 /* FoodBasket */,
				FB5A07012FD1000000000001 /* FoodBasketShareExtension */,
				FB5A07022FD1000000000001 /* Shared Extension Sources */,
				026B670F2FDA508F000A1D89 /* FoodBasketWidgetExtension */,
				026B670A2FDA508F000A1D89 /* Frameworks */,
				023ABE3B2FCC2D4500522816 /* Products */,
			);
			sourceTree = "<group>";
		};
		023ABE3B2FCC2D4500522816 /* Products */ = {
			isa = PBXGroup;
			children = (
				023ABE3A2FCC2D4500522816 /* Food Basket.app */,
				FB5A01012FD1000000000001 /* FoodBasketShareExtension.appex */,
				026B67092FDA508F000A1D89 /* FoodBasketWidgetExtensionExtension.appex */,
			);
			name = Products;
			sourceTree = "<group>";
		};
		026B670A2FDA508F000A1D89 /* Frameworks */ = {
			isa = PBXGroup;
			children = (
				026B670B2FDA508F000A1D89 /* WidgetKit.framework */,
				026B670D2FDA508F000A1D89 /* SwiftUI.framework */,
			);
			name = Frameworks;
			sourceTree = "<group>";
		};
		FB5A07012FD1000000000001 /* FoodBasketShareExtension */ = {
			isa = PBXGroup;
			children = (
				FB5A01022FD1000000000001 /* ShareViewController.swift */,
				FB5A01032FD1000000000001 /* Info.plist */,
				FB5A01042FD1000000000001 /* FoodBasketShareExtension.entitlements */,
			);
			path = FoodBasketShareExtension;
			sourceTree = "<group>";
		};
		FB5A07022FD1000000000001 /* Shared Extension Sources */ = {
			isa = PBXGroup;
			children = (
				FB5A01052FD1000000000001 /* FoodBasket/Data/FoodBasketSharedContainer.swift */,
				FB5A01062FD1000000000001 /* FoodBasket/Data/FoodBasketModelContainer.swift */,
				FB5A01072FD1000000000001 /* FoodBasket/Data/FoodBasketSchema.swift */,
				FB5A01082FD1000000000001 /* FoodBasket/Data/SeedData.swift */,
				FB5A01092FD1000000000001 /* FoodBasket/Data/Models/Ingredient.swift */,
				FB5A010A2FD1000000000001 /* FoodBasket/Data/Models/Recipe.swift */,
				FB5A010B2FD1000000000001 /* FoodBasket/Data/Models/WeekPlan.swift */,
				FB5A010C2FD1000000000001 /* FoodBasket/Shared/Extensions/String+NormalizedLookupValue.swift */,
				FB5A010D2FD1000000000001 /* FoodBasket/Shared/Extensions/UIImage+RecipePhotoData.swift */,
				FB5A010E2FD1000000000001 /* FoodBasket/Features/Recipes/Importing/RecipeURLIngredientImporter.swift */,
				FB5A010F2FD1000000000001 /* FoodBasket/Features/Recipes/Importing/RecipeURLRecipeImporter.swift */,
				FB5A01102FD1000000000001 /* FoodBasket/Features/Ingredients/IngredientEnrichmentRunner.swift */,
				FB5A01122FD1000000000001 /* FoodBasket/Features/Ingredients/IngredientCategorySuggestionService.swift */,
			);
			name = "Shared Extension Sources";
			sourceTree = "<group>";
		};
/* End PBXGroup section */

/* Begin PBXNativeTarget section */
		023ABE392FCC2D4500522816 /* Food Basket */ = {
			isa = PBXNativeTarget;
			buildConfigurationList = 023ABE472FCC2D4700522816 /* Build configuration list for PBXNativeTarget "Food Basket" */;
			buildPhases = (
				023ABE362FCC2D4500522816 /* Sources */,
				023ABE372FCC2D4500522816 /* Frameworks */,
				023ABE382FCC2D4500522816 /* Resources */,
				FB5A03042FD1000000000001 /* Embed App Extensions */,
			);
			buildRules = (
			);
			dependencies = (
				FB5A05022FD1000000000001 /* PBXTargetDependency */,
				026B671A2FDA509A000A1D89 /* PBXTargetDependency */,
			);
			fileSystemSynchronizedGroups = (
				023ABE3C2FCC2D4500522816 /* FoodBasket */,
			);
			name = "Food Basket";
			packageProductDependencies = (
			);
			productName = "Food Basket";
			productReference = 023ABE3A2FCC2D4500522816 /* Food Basket.app */;
			productType = "com.apple.product-type.application";
		};
		026B67082FDA508F000A1D89 /* FoodBasketWidgetExtensionExtension */ = {
			isa = PBXNativeTarget;
			buildConfigurationList = 026B671C2FDA509A000A1D89 /* Build configuration list for PBXNativeTarget "FoodBasketWidgetExtensionExtension" */;
			buildPhases = (
				026B67052FDA508F000A1D89 /* Sources */,
				026B67062FDA508F000A1D89 /* Frameworks */,
				026B67072FDA508F000A1D89 /* Resources */,
			);
			buildRules = (
			);
			dependencies = (
			);
			fileSystemSynchronizedGroups = (
				026B670F2FDA508F000A1D89 /* FoodBasketWidgetExtension */,
			);
			name = FoodBasketWidgetExtensionExtension;
			packageProductDependencies = (
			);
			productName = FoodBasketWidgetExtensionExtension;
			productReference = 026B67092FDA508F000A1D89 /* FoodBasketWidgetExtensionExtension.appex */;
			productType = "com.apple.product-type.app-extension";
		};
		FB5A04012FD1000000000001 /* FoodBasketShareExtension */ = {
			isa = PBXNativeTarget;
			buildConfigurationList = FB5A06032FD1000000000001 /* Build configuration list for PBXNativeTarget "FoodBasketShareExtension" */;
			buildPhases = (
				FB5A03012FD1000000000001 /* Sources */,
				FB5A03022FD1000000000001 /* Frameworks */,
				FB5A03032FD1000000000001 /* Resources */,
			);
			buildRules = (
			);
			dependencies = (
			);
			name = FoodBasketShareExtension;
			packageProductDependencies = (
			);
			productName = FoodBasketShareExtension;
			productReference = FB5A01012FD1000000000001 /* FoodBasketShareExtension.appex */;
			productType = "com.apple.product-type.app-extension";
		};
/* End PBXNativeTarget section */

/* Begin PBXProject section */
		023ABE322FCC2D4500522816 /* Project object */ = {
			isa = PBXProject;
			attributes = {
				BuildIndependentTargetsInParallel = 1;
				LastSwiftUpdateCheck = 2700;
				LastUpgradeCheck = 2650;
				TargetAttributes = {
					023ABE392FCC2D4500522816 = {
						CreatedOnToolsVersion = 26.5;
						SystemCapabilities = {
							com.apple.ApplicationGroups = {
								enabled = 1;
							};
							com.apple.BackgroundModes = {
								enabled = 1;
							};
							com.apple.Push = {
								enabled = 1;
							};
							com.apple.iCloud = {
								enabled = 1;
							};
						};
					};
					026B67082FDA508F000A1D89 = {
						CreatedOnToolsVersion = 27.0;
					};
					FB5A04012FD1000000000001 = {
						CreatedOnToolsVersion = 26.5;
						SystemCapabilities = {
							com.apple.ApplicationGroups = {
								enabled = 1;
							};
							com.apple.iCloud = {
								enabled = 1;
							};
						};
					};
				};
			};
			buildConfigurationList = 023ABE352FCC2D4500522816 /* Build configuration list for PBXProject "FoodBasket" */;
			developmentRegion = en;
			hasScannedForEncodings = 0;
			knownRegions = (
				en,
				Base,
			);
			mainGroup = 023ABE312FCC2D4500522816;
			minimizedProjectReferenceProxies = 1;
			preferredProjectObjectVersion = 77;
			productRefGroup = 023ABE3B2FCC2D4500522816 /* Products */;
			projectDirPath = "";
			projectRoot = "";
			targets = (
				023ABE392FCC2D4500522816 /* Food Basket */,
				FB5A04012FD1000000000001 /* FoodBasketShareExtension */,
				026B67082FDA508F000A1D89 /* FoodBasketWidgetExtensionExtension */,
			);
		};
/* End PBXProject section */

/* Begin PBXResourcesBuildPhase section */
		023ABE382FCC2D4500522816 /* Resources */ = {
			isa = PBXResourcesBuildPhase;
			buildActionMask = 2147483647;
			files = (
			);
			runOnlyForDeploymentPostprocessing = 0;
		};
		026B67072FDA508F000A1D89 /* Resources */ = {
			isa = PBXResourcesBuildPhase;
			buildActionMask = 2147483647;
			files = (
			);
			runOnlyForDeploymentPostprocessing = 0;
		};
		FB5A03032FD1000000000001 /* Resources */ = {
			isa = PBXResourcesBuildPhase;
			buildActionMask = 2147483647;
			files = (
			);
			runOnlyForDeploymentPostprocessing = 0;
		};
/* End PBXResourcesBuildPhase section */

/* Begin PBXSourcesBuildPhase section */
		023ABE362FCC2D4500522816 /* Sources */ = {
			isa = PBXSourcesBuildPhase;
			buildActionMask = 2147483647;
			files = (
			);
			runOnlyForDeploymentPostprocessing = 0;
		};
		026B67052FDA508F000A1D89 /* Sources */ = {
			isa = PBXSourcesBuildPhase;
			buildActionMask = 2147483647;
			files = (
			);
			runOnlyForDeploymentPostprocessing = 0;
		};
		FB5A03012FD1000000000001 /* Sources */ = {
			isa = PBXSourcesBuildPhase;
			buildActionMask = 2147483647;
			files = (
				FB5A02022FD1000000000001 /* ShareViewController.swift in Sources */,
				FB5A02032FD1000000000001 /* FoodBasket/Data/FoodBasketSharedContainer.swift in Sources */,
				FB5A02042FD1000000000001 /* FoodBasket/Data/FoodBasketModelContainer.swift in Sources */,
				FB5A02052FD1000000000001 /* FoodBasket/Data/FoodBasketSchema.swift in Sources */,
				FB5A02062FD1000000000001 /* FoodBasket/Data/SeedData.swift in Sources */,
				FB5A02072FD1000000000001 /* FoodBasket/Data/Models/Ingredient.swift in Sources */,
				FB5A02082FD1000000000001 /* FoodBasket/Data/Models/Recipe.swift in Sources */,
				FB5A02092FD1000000000001 /* FoodBasket/Data/Models/WeekPlan.swift in Sources */,
				FB5A020A2FD1000000000001 /* FoodBasket/Shared/Extensions/String+NormalizedLookupValue.swift in Sources */,
				FB5A020B2FD1000000000001 /* FoodBasket/Shared/Extensions/UIImage+RecipePhotoData.swift in Sources */,
				FB5A020C2FD1000000000001 /* FoodBasket/Features/Recipes/Importing/RecipeURLIngredientImporter.swift in Sources */,
				FB5A020D2FD1000000000001 /* FoodBasket/Features/Recipes/Importing/RecipeURLRecipeImporter.swift in Sources */,
			);
			runOnlyForDeploymentPostprocessing = 0;
		};
/* End PBXSourcesBuildPhase section */

/* Begin PBXTargetDependency section */
		026B671A2FDA509A000A1D89 /* PBXTargetDependency */ = {
			isa = PBXTargetDependency;
			target = 026B67082FDA508F000A1D89 /* FoodBasketWidgetExtensionExtension */;
			targetProxy = 026B67192FDA509A000A1D89 /* PBXContainerItemProxy */;
		};
		FB5A05022FD1000000000001 /* PBXTargetDependency */ = {
			isa = PBXTargetDependency;
			target = FB5A04012FD1000000000001 /* FoodBasketShareExtension */;
			targetProxy = FB5A05012FD1000000000001 /* PBXContainerItemProxy */;
		};
/* End PBXTargetDependency section */

/* Begin XCBuildConfiguration section */
		023ABE452FCC2D4700522816 /* Debug */ = {
			isa = XCBuildConfiguration;
			buildSettings = {
				ALWAYS_SEARCH_USER_PATHS = NO;
				ASSETCATALOG_COMPILER_GENERATE_SWIFT_ASSET_SYMBOL_EXTENSIONS = YES;
				CLANG_ANALYZER_NONNULL = YES;
				CLANG_ANALYZER_NUMBER_OBJECT_CONVERSION = YES_AGGRESSIVE;
				CLANG_CXX_LANGUAGE_STANDARD = "gnu++20";
				CLANG_ENABLE_MODULES = YES;
				CLANG_ENABLE_OBJC_ARC = YES;
				CLANG_ENABLE_OBJC_WEAK = YES;
				CLANG_WARN_BLOCK_CAPTURE_AUTORELEASING = YES;
				CLANG_WARN_BOOL_CONVERSION = YES;
				CLANG_WARN_COMMA = YES;
				CLANG_WARN_CONSTANT_CONVERSION = YES;
				CLANG_WARN_DEPRECATED_OBJC_IMPLEMENTATIONS = YES;
				CLANG_WARN_DIRECT_OBJC_ISA_USAGE = YES_ERROR;
				CLANG_WARN_DOCUMENTATION_COMMENTS = YES;
				CLANG_WARN_EMPTY_BODY = YES;
				CLANG_WARN_ENUM_CONVERSION = YES;
				CLANG_WARN_INFINITE_RECURSION = YES;
				CLANG_WARN_INT_CONVERSION = YES;
				CLANG_WARN_NON_LITERAL_NULL_CONVERSION = YES;
				CLANG_WARN_OBJC_IMPLICIT_RETAIN_SELF = YES;
				CLANG_WARN_OBJC_LITERAL_CONVERSION = YES;
				CLANG_WARN_OBJC_ROOT_CLASS = YES_ERROR;
				CLANG_WARN_QUOTED_INCLUDE_IN_FRAMEWORK_HEADER = YES;
				CLANG_WARN_RANGE_LOOP_ANALYSIS = YES;
				CLANG_WARN_STRICT_PROTOTYPES = YES;
				CLANG_WARN_SUSPICIOUS_MOVE = YES;
				CLANG_WARN_UNGUARDED_AVAILABILITY = YES_AGGRESSIVE;
				CLANG_WARN_UNREACHABLE_CODE = YES;
				CLANG_WARN__DUPLICATE_METHOD_MATCH = YES;
				COPY_PHASE_STRIP = NO;
				DEBUG_INFORMATION_FORMAT = dwarf;
				DEVELOPMENT_TEAM = 282EVX55YN;
				ENABLE_STRICT_OBJC_MSGSEND = YES;
				ENABLE_TESTABILITY = YES;
				ENABLE_USER_SCRIPT_SANDBOXING = YES;
				GCC_C_LANGUAGE_STANDARD = gnu17;
				GCC_DYNAMIC_NO_PIC = NO;
				GCC_NO_COMMON_BLOCKS = YES;
				GCC_OPTIMIZATION_LEVEL = 0;
				GCC_PREPROCESSOR_DEFINITIONS = (
					"DEBUG=1",
					"$(inherited)",
				);
				GCC_WARN_64_TO_32_BIT_CONVERSION = YES;
				GCC_WARN_ABOUT_RETURN_TYPE = YES_ERROR;
				GCC_WARN_UNDECLARED_SELECTOR = YES;
				GCC_WARN_UNINITIALIZED_AUTOS = YES_AGGRESSIVE;
				GCC_WARN_UNUSED_FUNCTION = YES;
				GCC_WARN_UNUSED_VARIABLE = YES;
				IPHONEOS_DEPLOYMENT_TARGET = 26.5;
				LOCALIZATION_PREFERS_STRING_CATALOGS = YES;
				MTL_ENABLE_DEBUG_INFO = INCLUDE_SOURCE;
				MTL_FAST_MATH = YES;
				ONLY_ACTIVE_ARCH = YES;
				SDKROOT = iphoneos;
				SWIFT_ACTIVE_COMPILATION_CONDITIONS = "DEBUG $(inherited)";
				SWIFT_OPTIMIZATION_LEVEL = "-Onone";
			};
			name = Debug;
		};
		023ABE462FCC2D4700522816 /* Release */ = {
			isa = XCBuildConfiguration;
			buildSettings = {
				ALWAYS_SEARCH_USER_PATHS = NO;
				ASSETCATALOG_COMPILER_GENERATE_SWIFT_ASSET_SYMBOL_EXTENSIONS = YES;
				CLANG_ANALYZER_NONNULL = YES;
				CLANG_ANALYZER_NUMBER_OBJECT_CONVERSION = YES_AGGRESSIVE;
				CLANG_CXX_LANGUAGE_STANDARD = "gnu++20";
				CLANG_ENABLE_MODULES = YES;
				CLANG_ENABLE_OBJC_ARC = YES;
				CLANG_ENABLE_OBJC_WEAK = YES;
				CLANG_WARN_BLOCK_CAPTURE_AUTORELEASING = YES;
				CLANG_WARN_BOOL_CONVERSION = YES;
				CLANG_WARN_COMMA = YES;
				CLANG_WARN_CONSTANT_CONVERSION = YES;
				CLANG_WARN_DEPRECATED_OBJC_IMPLEMENTATIONS = YES;
				CLANG_WARN_DIRECT_OBJC_ISA_USAGE = YES_ERROR;
				CLANG_WARN_DOCUMENTATION_COMMENTS = YES;
				CLANG_WARN_EMPTY_BODY = YES;
				CLANG_WARN_ENUM_CONVERSION = YES;
				CLANG_WARN_INFINITE_RECURSION = YES;
				CLANG_WARN_INT_CONVERSION = YES;
				CLANG_WARN_NON_LITERAL_NULL_CONVERSION = YES;
				CLANG_WARN_OBJC_IMPLICIT_RETAIN_SELF = YES;
				CLANG_WARN_OBJC_LITERAL_CONVERSION = YES;
				CLANG_WARN_OBJC_ROOT_CLASS = YES_ERROR;
				CLANG_WARN_QUOTED_INCLUDE_IN_FRAMEWORK_HEADER = YES;
				CLANG_WARN_RANGE_LOOP_ANALYSIS = YES;
				CLANG_WARN_STRICT_PROTOTYPES = YES;
				CLANG_WARN_SUSPICIOUS_MOVE = YES;
				CLANG_WARN_UNGUARDED_AVAILABILITY = YES_AGGRESSIVE;
				CLANG_WARN_UNREACHABLE_CODE = YES;
				CLANG_WARN__DUPLICATE_METHOD_MATCH = YES;
				COPY_PHASE_STRIP = NO;
				DEBUG_INFORMATION_FORMAT = "dwarf-with-dsym";
				DEVELOPMENT_TEAM = 282EVX55YN;
				ENABLE_NS_ASSERTIONS = NO;
				ENABLE_STRICT_OBJC_MSGSEND = YES;
				ENABLE_USER_SCRIPT_SANDBOXING = YES;
				GCC_C_LANGUAGE_STANDARD = gnu17;
				GCC_NO_COMMON_BLOCKS = YES;
				GCC_WARN_64_TO_32_BIT_CONVERSION = YES;
				GCC_WARN_ABOUT_RETURN_TYPE = YES_ERROR;
				GCC_WARN_UNDECLARED_SELECTOR = YES;
				GCC_WARN_UNINITIALIZED_AUTOS = YES_AGGRESSIVE;
				GCC_WARN_UNUSED_FUNCTION = YES;
				GCC_WARN_UNUSED_VARIABLE = YES;
				IPHONEOS_DEPLOYMENT_TARGET = 26.5;
				LOCALIZATION_PREFERS_STRING_CATALOGS = YES;
				MTL_ENABLE_DEBUG_INFO = NO;
				MTL_FAST_MATH = YES;
				SDKROOT = iphoneos;
				SWIFT_COMPILATION_MODE = wholemodule;
				VALIDATE_PRODUCT = YES;
			};
			name = Release;
		};
		023ABE482FCC2D4700522816 /* Debug */ = {
			isa = XCBuildConfiguration;
			buildSettings = {
				ASSETCATALOG_COMPILER_APPICON_NAME = AppIcon;
				ASSETCATALOG_COMPILER_GLOBAL_ACCENT_COLOR_NAME = AccentColor;
				CODE_SIGN_ENTITLEMENTS = FoodBasket/FoodBasket.entitlements;
				CODE_SIGN_STYLE = Automatic;
				CURRENT_PROJECT_VERSION = 1;
				DEVELOPMENT_TEAM = 282EVX55YN;
				ENABLE_PREVIEWS = YES;
				GENERATE_INFOPLIST_FILE = YES;
				INFOPLIST_FILE = FoodBasket/Info.plist;
				INFOPLIST_KEY_NSCalendarsFullAccessUsageDescription = "Add and remove meal plan events in Calendar.";
				INFOPLIST_KEY_NSCameraUsageDescription = "Take photos of recipes and finished meals.";
				INFOPLIST_KEY_NSRemindersFullAccessUsageDescription = "Add and remove shopping list items in Reminders.";
				INFOPLIST_KEY_UIApplicationSceneManifest_Generation = YES;
				INFOPLIST_KEY_UIApplicationSupportsIndirectInputEvents = YES;
				INFOPLIST_KEY_UILaunchScreen_Generation = YES;
				INFOPLIST_KEY_UISupportedInterfaceOrientations = UIInterfaceOrientationPortrait;
				INFOPLIST_KEY_UISupportedInterfaceOrientations_iPad = "UIInterfaceOrientationLandscapeLeft UIInterfaceOrientationLandscapeRight UIInterfaceOrientationPortrait UIInterfaceOrientationPortraitUpsideDown";
				LD_RUNPATH_SEARCH_PATHS = (
					"$(inherited)",
					"@executable_path/Frameworks",
				);
				MARKETING_VERSION = 1.0;
				PRODUCT_BUNDLE_IDENTIFIER = com.logan.FoodBasket;
				PRODUCT_NAME = "$(TARGET_NAME)";
				STRING_CATALOG_GENERATE_SYMBOLS = YES;
				SWIFT_APPROACHABLE_CONCURRENCY = YES;
				SWIFT_DEFAULT_ACTOR_ISOLATION = MainActor;
				SWIFT_EMIT_LOC_STRINGS = YES;
				SWIFT_UPCOMING_FEATURE_MEMBER_IMPORT_VISIBILITY = YES;
				SWIFT_VERSION = 5.0;
				TARGETED_DEVICE_FAMILY = "1,2";
			};
			name = Debug;
		};
		023ABE492FCC2D4700522816 /* Release */ = {
			isa = XCBuildConfiguration;
			buildSettings = {
				ASSETCATALOG_COMPILER_APPICON_NAME = AppIcon;
				ASSETCATALOG_COMPILER_GLOBAL_ACCENT_COLOR_NAME = AccentColor;
				CODE_SIGN_ENTITLEMENTS = FoodBasket/FoodBasket.entitlements;
				CODE_SIGN_STYLE = Automatic;
				CURRENT_PROJECT_VERSION = 1;
				DEVELOPMENT_TEAM = 282EVX55YN;
				ENABLE_PREVIEWS = YES;
				GENERATE_INFOPLIST_FILE = YES;
				INFOPLIST_FILE = FoodBasket/Info.plist;
				INFOPLIST_KEY_NSCalendarsFullAccessUsageDescription = "Add and remove meal plan events in Calendar.";
				INFOPLIST_KEY_NSCameraUsageDescription = "Take photos of recipes and finished meals.";
				INFOPLIST_KEY_NSRemindersFullAccessUsageDescription = "Add and remove shopping list items in Reminders.";
				INFOPLIST_KEY_UIApplicationSceneManifest_Generation = YES;
				INFOPLIST_KEY_UIApplicationSupportsIndirectInputEvents = YES;
				INFOPLIST_KEY_UILaunchScreen_Generation = YES;
				INFOPLIST_KEY_UISupportedInterfaceOrientations = UIInterfaceOrientationPortrait;
				INFOPLIST_KEY_UISupportedInterfaceOrientations_iPad = "UIInterfaceOrientationLandscapeLeft UIInterfaceOrientationLandscapeRight UIInterfaceOrientationPortrait UIInterfaceOrientationPortraitUpsideDown";
				LD_RUNPATH_SEARCH_PATHS = (
					"$(inherited)",
					"@executable_path/Frameworks",
				);
				MARKETING_VERSION = 1.0;
				PRODUCT_BUNDLE_IDENTIFIER = com.logan.FoodBasket;
				PRODUCT_NAME = "$(TARGET_NAME)";
				STRING_CATALOG_GENERATE_SYMBOLS = YES;
				SWIFT_APPROACHABLE_CONCURRENCY = YES;
				SWIFT_DEFAULT_ACTOR_ISOLATION = MainActor;
				SWIFT_EMIT_LOC_STRINGS = YES;
				SWIFT_UPCOMING_FEATURE_MEMBER_IMPORT_VISIBILITY = YES;
				SWIFT_VERSION = 5.0;
				TARGETED_DEVICE_FAMILY = "1,2";
			};
			name = Release;
		};
		026B671D2FDA509A000A1D89 /* Debug */ = {
			isa = XCBuildConfiguration;
			buildSettings = {
				ASSETCATALOG_COMPILER_GLOBAL_ACCENT_COLOR_NAME = AccentColor;
				ASSETCATALOG_COMPILER_WIDGET_BACKGROUND_COLOR_NAME = WidgetBackground;
				CODE_SIGN_ENTITLEMENTS = FoodBasketWidgetExtensionExtension.entitlements;
				CODE_SIGN_STYLE = Automatic;
				CURRENT_PROJECT_VERSION = 1;
				DEVELOPMENT_TEAM = 282EVX55YN;
				GENERATE_INFOPLIST_FILE = YES;
				INFOPLIST_FILE = FoodBasketWidgetExtension/Info.plist;
				INFOPLIST_KEY_CFBundleDisplayName = FoodBasketWidgetExtension;
				INFOPLIST_KEY_NSHumanReadableCopyright = "";
				IPHONEOS_DEPLOYMENT_TARGET = 27.0;
				LD_RUNPATH_SEARCH_PATHS = (
					"$(inherited)",
					"@executable_path/Frameworks",
					"@executable_path/../../Frameworks",
				);
				MARKETING_VERSION = 1.0;
				PRODUCT_BUNDLE_IDENTIFIER = com.logan.FoodBasket.FoodBasketWidgetExtension;
				PRODUCT_NAME = "$(TARGET_NAME)";
				REGISTER_APP_GROUPS = YES;
				SKIP_INSTALL = YES;
				STRING_CATALOG_GENERATE_SYMBOLS = YES;
				SWIFT_APPROACHABLE_CONCURRENCY = YES;
				SWIFT_EMIT_LOC_STRINGS = YES;
				SWIFT_UPCOMING_FEATURE_MEMBER_IMPORT_VISIBILITY = YES;
				SWIFT_VERSION = 5.0;
				TARGETED_DEVICE_FAMILY = "1,2";
			};
			name = Debug;
		};
		026B671E2FDA509A000A1D89 /* Release */ = {
			isa = XCBuildConfiguration;
			buildSettings = {
				ASSETCATALOG_COMPILER_GLOBAL_ACCENT_COLOR_NAME = AccentColor;
				ASSETCATALOG_COMPILER_WIDGET_BACKGROUND_COLOR_NAME = WidgetBackground;
				CODE_SIGN_ENTITLEMENTS = FoodBasketWidgetExtensionExtension.entitlements;
				CODE_SIGN_STYLE = Automatic;
				CURRENT_PROJECT_VERSION = 1;
				DEVELOPMENT_TEAM = 282EVX55YN;
				GENERATE_INFOPLIST_FILE = YES;
				INFOPLIST_FILE = FoodBasketWidgetExtension/Info.plist;
				INFOPLIST_KEY_CFBundleDisplayName = FoodBasketWidgetExtension;
				INFOPLIST_KEY_NSHumanReadableCopyright = "";
				IPHONEOS_DEPLOYMENT_TARGET = 27.0;
				LD_RUNPATH_SEARCH_PATHS = (
					"$(inherited)",
					"@executable_path/Frameworks",
					"@executable_path/../../Frameworks",
				);
				MARKETING_VERSION = 1.0;
				PRODUCT_BUNDLE_IDENTIFIER = com.logan.FoodBasket.FoodBasketWidgetExtension;
				PRODUCT_NAME = "$(TARGET_NAME)";
				REGISTER_APP_GROUPS = YES;
				SKIP_INSTALL = YES;
				STRING_CATALOG_GENERATE_SYMBOLS = YES;
				SWIFT_APPROACHABLE_CONCURRENCY = YES;
				SWIFT_EMIT_LOC_STRINGS = YES;
				SWIFT_UPCOMING_FEATURE_MEMBER_IMPORT_VISIBILITY = YES;
				SWIFT_VERSION = 5.0;
				TARGETED_DEVICE_FAMILY = "1,2";
			};
			name = Release;
		};
		FB5A06012FD1000000000001 /* Debug */ = {
			isa = XCBuildConfiguration;
			buildSettings = {
				APPLICATION_EXTENSION_API_ONLY = YES;
				CODE_SIGN_ENTITLEMENTS = FoodBasketShareExtension/FoodBasketShareExtension.entitlements;
				CODE_SIGN_STYLE = Automatic;
				CURRENT_PROJECT_VERSION = 1;
				DEVELOPMENT_TEAM = 282EVX55YN;
				GENERATE_INFOPLIST_FILE = NO;
				INFOPLIST_FILE = FoodBasketShareExtension/Info.plist;
				IPHONEOS_DEPLOYMENT_TARGET = 26.5;
				LD_RUNPATH_SEARCH_PATHS = (
					"$(inherited)",
					"@executable_path/Frameworks",
					"@executable_path/../../Frameworks",
				);
				MARKETING_VERSION = 1.0;
				PRODUCT_BUNDLE_IDENTIFIER = com.logan.FoodBasket.ShareExtension;
				PRODUCT_NAME = "$(TARGET_NAME)";
				SKIP_INSTALL = YES;
				STRING_CATALOG_GENERATE_SYMBOLS = YES;
				SWIFT_APPROACHABLE_CONCURRENCY = YES;
				SWIFT_DEFAULT_ACTOR_ISOLATION = MainActor;
				SWIFT_EMIT_LOC_STRINGS = YES;
				SWIFT_UPCOMING_FEATURE_MEMBER_IMPORT_VISIBILITY = YES;
				SWIFT_VERSION = 5.0;
				TARGETED_DEVICE_FAMILY = "1,2";
			};
			name = Debug;
		};
		FB5A06022FD1000000000001 /* Release */ = {
			isa = XCBuildConfiguration;
			buildSettings = {
				APPLICATION_EXTENSION_API_ONLY = YES;
				CODE_SIGN_ENTITLEMENTS = FoodBasketShareExtension/FoodBasketShareExtension.entitlements;
				CODE_SIGN_STYLE = Automatic;
				CURRENT_PROJECT_VERSION = 1;
				DEVELOPMENT_TEAM = 282EVX55YN;
				GENERATE_INFOPLIST_FILE = NO;
				INFOPLIST_FILE = FoodBasketShareExtension/Info.plist;
				IPHONEOS_DEPLOYMENT_TARGET = 26.5;
				LD_RUNPATH_SEARCH_PATHS = (
					"$(inherited)",
					"@executable_path/Frameworks",
					"@executable_path/../../Frameworks",
				);
				MARKETING_VERSION = 1.0;
				PRODUCT_BUNDLE_IDENTIFIER = com.logan.FoodBasket.ShareExtension;
				PRODUCT_NAME = "$(TARGET_NAME)";
				SKIP_INSTALL = YES;
				STRING_CATALOG_GENERATE_SYMBOLS = YES;
				SWIFT_APPROACHABLE_CONCURRENCY = YES;
				SWIFT_DEFAULT_ACTOR_ISOLATION = MainActor;
				SWIFT_EMIT_LOC_STRINGS = YES;
				SWIFT_UPCOMING_FEATURE_MEMBER_IMPORT_VISIBILITY = YES;
				SWIFT_VERSION = 5.0;
				TARGETED_DEVICE_FAMILY = "1,2";
			};
			name = Release;
		};
/* End XCBuildConfiguration section */

/* Begin XCConfigurationList section */
		023ABE352FCC2D4500522816 /* Build configuration list for PBXProject "FoodBasket" */ = {
			isa = XCConfigurationList;
			buildConfigurations = (
				023ABE452FCC2D4700522816 /* Debug */,
				023ABE462FCC2D4700522816 /* Release */,
			);
			defaultConfigurationIsVisible = 0;
			defaultConfigurationName = Release;
		};
		023ABE472FCC2D4700522816 /* Build configuration list for PBXNativeTarget "Food Basket" */ = {
			isa = XCConfigurationList;
			buildConfigurations = (
				023ABE482FCC2D4700522816 /* Debug */,
				023ABE492FCC2D4700522816 /* Release */,
			);
			defaultConfigurationIsVisible = 0;
			defaultConfigurationName = Release;
		};
		026B671C2FDA509A000A1D89 /* Build configuration list for PBXNativeTarget "FoodBasketWidgetExtensionExtension" */ = {
			isa = XCConfigurationList;
			buildConfigurations = (
				026B671D2FDA509A000A1D89 /* Debug */,
				026B671E2FDA509A000A1D89 /* Release */,
			);
			defaultConfigurationIsVisible = 0;
			defaultConfigurationName = Release;
		};
		FB5A06032FD1000000000001 /* Build configuration list for PBXNativeTarget "FoodBasketShareExtension" */ = {
			isa = XCConfigurationList;
			buildConfigurations = (
				FB5A06012FD1000000000001 /* Debug */,
				FB5A06022FD1000000000001 /* Release */,
			);
			defaultConfigurationIsVisible = 0;
			defaultConfigurationName = Release;
		};
/* End XCConfigurationList section */
	};
	rootObject = 023ABE322FCC2D4500522816 /* Project object */;
}
